
Microsoft Visual Studio Solution File, Format Version 12.00
# Visual Studio Version 17
VisualStudioVersion = 17.6.33815.320
MinimumVisualStudioVersion = 10.0.40219.1
Project("{FAE04EC0-301F-11D3-BF4B-00C04F79EFBC}") = "SuperHeroAPI", "SuperHeroAPI\SuperHeroAPI.csproj", "{F89B938D-35A9-4744-9C05-52ACA4B2AEE5}"
EndProject
Global
	GlobalSection(SolutionConfigurationPlatforms) = preSolution
		Debug|Any CPU = Debug|Any CPU
		Release|Any CPU = Release|Any CPU
	EndGlobalSection
	GlobalSection(ProjectConfigurationPlatforms) = postSolution
		{F89B938D-35A9-4744-9C05-52ACA4B2AEE5}.Debug|Any CPU.ActiveCfg = Debug|Any CPU
		{F89B938D-35A9-4744-9C05-52ACA4B2AEE5}.Debug|Any CPU.Build.0 = Debug|Any CPU
		{F89B938D-35A9-4744-9C05-52ACA4B2AEE5}.Release|Any CPU.ActiveCfg = Release|Any CPU
		{F89B938D-35A9-4744-9C05-52ACA4B2AEE5}.Release|Any CPU.Build.0 = Release|Any CPU
	EndGlobalSection
	GlobalSection(SolutionProperties) = preSolution
		HideSolutionNode = FALSE
	EndGlobalSection
	GlobalSection(ExtensibilityGlobals) = postSolution
		SolutionGuid = {D19A736D-0633-4922-B804-CA6CD5E44233}
	EndGlobalSection
EndGlobal
